{
  "nodes": {
    "agenix": {
      "inputs": {
        "darwin": "darwin",
        "home-manager": "home-manager",
        "nixpkgs": [
          "nixpkgs"
        ],
        "systems": "systems"
      },
      "locked": {
        "lastModified": 1770165109,
        "narHash": "sha256-9VnK6Oqai65puVJ4WYtCTvlJeXxMzAp/69HhQuTdl/I=",
        "owner": "ryantm",
        "repo": "agenix",
        "rev": "b027ee29d959fda4b60b57566d64c98a202e0feb",
        "type": "github"
      },
      "original": {
        "owner": "ryantm",
        "repo": "agenix",
        "type": "github"
      }
    },
    "caelestia-cli": {
      "inputs": {
        "caelestia-shell": [
          "caelestia-shell"
        ],
        "nixpkgs": [
          "caelestia-shell",
          "nixpkgs"
        ]
      },
      "locked": {
        "lastModified": 1782533477,
        "narHash": "sha256-2enYwf3n9GUkne9v4J3Ud6LpoG4Uarl3BaSQgRAAH7o=",
        "owner": "caelestia-dots",
        "repo": "cli",
        "rev": "e9e115568f818ee1df2d7a9e21925141b053ec6e",
        "type": "github"
      },
      "original": {
        "owner": "caelestia-dots",
        "repo": "cli",
        "type": "github"
      }
    },
    "caelestia-shell": {
      "inputs": {
        "caelestia-cli": "caelestia-cli",
        "m3shapes": "m3shapes",
        "nixpkgs": [
          "nixpkgs"
        ],
        "quickshell": "quickshell"
      },
      "locked": {
        "lastModified": 1782636677,
        "narHash": "sha256-u01nEjf7afRMCtRjp0LV45DmhC4/n/uPY3S/HAh/V2w=",
        "owner": "caelestia-dots",
        "repo": "shell",
        "rev": "145a6795ee41e023e863681cec6c5db3b334ffc0",
        "type": "github"
      },
      "original": {
        "owner": "caelestia-dots",
        "repo": "shell",
        "type": "github"
      }
    },
    "crane": {
      "locked": {
        "lastModified": 1731098351,
        "narHash": "sha256-HQkYvKvaLQqNa10KEFGgWHfMAbWBfFp+4cAgkut+NNE=",
        "owner": "ipetkov",
        "repo": "crane",
        "rev": "ef80ead953c1b28316cc3f8613904edc2eb90c28",
        "type": "github"
      },
      "original": {
        "owner": "ipetkov",
        "repo": "crane",
        "type": "github"
      }
    },
    "darwin": {
      "inputs": {
        "nixpkgs": [
          "agenix",
          "nixpkgs"
        ]
      },
      "locked": {
        "lastModified": 1744478979,
        "narHash": "sha256-dyN+teG9G82G+m+PX/aSAagkC+vUv0SgUw3XkPhQodQ=",
        "owner": "lnl7",
        "repo": "nix-darwin",
        "rev": "43975d782b418ebf4969e9ccba82466728c2851b",
        "type": "github"
      },
      "original": {
        "owner": "lnl7",
        "ref": "master",
        "repo": "nix-darwin",
        "type": "github"
      }
    },
    "disko": {
      "inputs": {
        "nixpkgs": [
          "nixpkgs"
        ]
      },
      "locked": {
        "lastModified": 1781152676,
        "narHash": "sha256-RxWs5ND31KzTG7wvMM+PMfUjyNpmIEr999lqNARaM5o=",
        "owner": "nix-community",
        "repo": "disko",
        "rev": "ff8702b4de27f72b4c78573dfb89ec74e36abdf1",
        "type": "github"
      },
      "original": {
        "owner": "nix-community",
        "repo": "disko",
        "type": "github"
      }
    },
    "expressvpn": {
      "inputs": {
        "nixpkgs": [
          "nixpkgs"
        ]
      },
      "locked": {
        "lastModified": 1782780672,
        "narHash": "sha256-m5IDNL25JIP0KiGg4F68Gi3VxqoiTwjrHt8sLQKcbYM=",
        "owner": "nappairam",
        "repo": "expressvpn-flake",
        "rev": "cb40b2f332f1f1235d10a12fc68ded85b27fb220",
        "type": "github"
      },
      "original": {
        "owner": "nappairam",
        "repo": "expressvpn-flake",
        "type": "github"
      }
    },
    "flake-compat": {
      "flake": false,
      "locked": {
        "lastModified": 1696426674,
        "narHash": "sha256-kvjfFW7WAETZlt09AgDn1MrtKzP7t90Vf7vypd3OL1U=",
        "owner": "edolstra",
        "repo": "flake-compat",
        "rev": "0f9255e01c2351cc7d116c072cb317785dd33b33",
        "type": "github"
      },
      "original": {
        "owner": "edolstra",
        "repo": "flake-compat",
        "type": "github"
      }
    },
    "flake-compat_2": {
      "locked": {
        "lastModified": 1767039857,
        "narHash": "sha256-vNpUSpF5Nuw8xvDLj2KCwwksIbjua2LZCqhV1LNRDns=",
        "owner": "edolstra",
        "repo": "flake-compat",
        "rev": "5edf11c44bc78a0d334f6334cdaf7d60d732daab",
        "type": "github"
      },
      "original": {
        "owner": "edolstra",
        "repo": "flake-compat",
        "type": "github"
      }
    },
    "flake-parts": {
      "inputs": {
        "nixpkgs-lib": "nixpkgs-lib"
      },
      "locked": {
        "lastModified": 1778716662,
        "narHash": "sha256-m1Yf0wZ8j1OHjTc2UwHwyQRSnNeSgLJOd7q5Y45hzi4=",
        "owner": "hercules-ci",
        "repo": "flake-parts",
        "rev": "f7c1a2d347e4c52d5fb8d10cb4d94b5884e546fb",
        "type": "github"
      },
      "original": {
        "owner": "hercules-ci",
        "repo": "flake-parts",
        "type": "github"
      }
    },
    "flake-parts_2": {
      "inputs": {
        "nixpkgs-lib": [
          "lanzaboote",
          "nixpkgs"
        ]
      },
      "locked": {
        "lastModified": 1730504689,
        "narHash": "sha256-hgmguH29K2fvs9szpq2r3pz2/8cJd2LPS+b4tfNFCwE=",
        "owner": "hercules-ci",
        "repo": "flake-parts",
        "rev": "506278e768c2a08bec68eb62932193e341f55c90",
        "type": "github"
      },
      "original": {
        "owner": "hercules-ci",
        "repo": "flake-parts",
        "type": "github"
      }
    },
    "gitignore": {
      "inputs": {
        "nixpkgs": [
          "lanzaboote",
          "pre-commit-hooks-nix",
          "nixpkgs"
        ]
      },
      "locked": {
        "lastModified": 1709087332,
        "narHash": "sha256-HG2cCnktfHsKV0s4XW83gU3F57gaTljL9KNSuG6bnQs=",
        "owner": "hercules-ci",
        "repo": "gitignore.nix",
        "rev": "637db329424fd7e46cf4185293b9cc8c88c95394",
        "type": "github"
      },
      "original": {
        "owner": "hercules-ci",
        "repo": "gitignore.nix",
        "type": "github"
      }
    },
    "home-manager": {
      "inputs": {
        "nixpkgs": [
          "agenix",
          "nixpkgs"
        ]
      },
      "locked": {
        "lastModified": 1745494811,
        "narHash": "sha256-YZCh2o9Ua1n9uCvrvi5pRxtuVNml8X2a03qIFfRKpFs=",
        "owner": "nix-community",
        "repo": "home-manager",
        "rev": "abfad3d2958c9e6300a883bd443512c55dfeb1be",
        "type": "github"
      },
      "original": {
        "owner": "nix-community",
        "repo": "home-manager",
        "type": "github"
      }
    },
    "home-manager-stable": {
      "inputs": {
        "nixpkgs": [
          "nixpkgs-stable"
        ]
      },
      "locked": {
        "lastModified": 1782704057,
        "narHash": "sha256-G1I1gd32F7mp9LAe1DaZ4ZL7NX5gyiKwdCMwro1Vrck=",
        "owner": "nix-community",
        "repo": "home-manager",
        "rev": "868d0a692de703c2de98fab61968e4e310b7c28e",
        "type": "github"
      },
      "original": {
        "owner": "nix-community",
        "ref": "release-26.05",
        "repo": "home-manager",
        "type": "github"
      }
    },
    "home-manager_2": {
      "inputs": {
        "nixpkgs": [
          "nixpkgs"
        ]
      },
      "locked": {
        "lastModified": 1782702263,
        "narHash": "sha256-8/MG4Su7PhnynrmsVO61IeAfrK7GuUEu+E+gwbhy1QQ=",
        "owner": "nix-community",
        "repo": "home-manager",
        "rev": "789a35fbdeb3c46b260096daa0b321c11be527ea",
        "type": "github"
      },
      "original": {
        "owner": "nix-community",
        "repo": "home-manager",
        "type": "github"
      }
    },
    "import-tree": {
      "locked": {
        "lastModified": 1778781969,
        "narHash": "sha256-Jjuz5CmSkur8KvLDoGa+vylEp+RkQtv4mt/qcMznpH0=",
        "owner": "vic",
        "repo": "import-tree",
        "rev": "d321337efd0f23a9eb14a42adb7b2c29313ab274",
        "type": "github"
      },
      "original": {
        "owner": "vic",
        "repo": "import-tree",
        "type": "github"
      }
    },
    "lanzaboote": {
      "inputs": {
        "crane": "crane",
        "flake-compat": "flake-compat",
        "flake-parts": "flake-parts_2",
        "nixpkgs": [
          "nixpkgs"
        ],
        "pre-commit-hooks-nix": "pre-commit-hooks-nix",
        "rust-overlay": "rust-overlay"
      },
      "locked": {
        "lastModified": 1737639419,
        "narHash": "sha256-AEEDktApTEZ5PZXNDkry2YV2k6t0dTgLPEmAZbnigXU=",
        "owner": "nix-community",
        "repo": "lanzaboote",
        "rev": "a65905a09e2c43ff63be8c0e86a93712361f871e",
        "type": "github"
      },
      "original": {
        "owner": "nix-community",
        "ref": "v0.4.2",
        "repo": "lanzaboote",
        "type": "github"
      }
    },
    "m3shapes": {
      "flake": false,
      "locked": {
        "lastModified": 1781017666,
        "narHash": "sha256-kfHyzZaPHgqZML48OA+5JwBOsLdQJ2ci/aGPShvUB4Y=",
        "owner": "soramanew",
        "repo": "m3shapes",
        "rev": "bdc327b29f95394a732baf3c9b19658ba23755b6",
        "type": "github"
      },
      "original": {
        "owner": "soramanew",
        "repo": "m3shapes",
        "rev": "bdc327b29f95394a732baf3c9b19658ba23755b6",
        "type": "github"
      }
    },
    "nix-alien": {
      "inputs": {
        "flake-compat": "flake-compat_2",
        "nix-index-database": "nix-index-database",
        "nixpkgs": "nixpkgs"
      },
      "locked": {
        "lastModified": 1782206964,
        "narHash": "sha256-n6nn0A3U3FnHWa9Y+dWNiuQnMDrcndQplgE0ooiexG8=",
        "owner": "thiagokokada",
        "repo": "nix-alien",
        "rev": "4fc9de6d1f215cf1679da04cf8749e085dd027d7",
        "type": "github"
      },
      "original": {
        "owner": "thiagokokada",
        "repo": "nix-alien",
        "type": "github"
      }
    },
    "nix-darwin": {
      "inputs": {
        "nixpkgs": [
          "nixpkgs"
        ]
      },
      "locked": {
        "lastModified": 1781761792,
        "narHash": "sha256-rCPytmKNjctLloB6UgK5CRrHSwV4b0ygxtJLPPp8R14=",
        "owner": "LnL7",
        "repo": "nix-darwin",
        "rev": "a1fa429e945becaf60468600daf649be4ba0350c",
        "type": "github"
      },
      "original": {
        "owner": "LnL7",
        "repo": "nix-darwin",
        "type": "github"
      }
    },
    "nix-index-database": {
      "inputs": {
        "nixpkgs": [
          "nix-alien",
          "nixpkgs"
        ]
      },
      "locked": {
        "lastModified": 1781422160,
        "narHash": "sha256-W7S8O86bVrw2gaomEwkHStOzmPpnFIHQ6lS4Q2HffJ0=",
        "owner": "nix-community",
        "repo": "nix-index-database",
        "rev": "854d04e2368fb2e9c328a36b3c0a04cd713bfae1",
        "type": "github"
      },
      "original": {
        "owner": "nix-community",
        "repo": "nix-index-database",
        "type": "github"
      }
    },
    "nix-index-database_2": {
      "inputs": {
        "nixpkgs": [
          "nixpkgs"
        ]
      },
      "locked": {
        "lastModified": 1782636943,
        "narHash": "sha256-ripjZa7BBLwL1uS5VJF3s/VpZpWt5ZIQEvkJ/FJNpQw=",
        "owner": "nix-community",
        "repo": "nix-index-database",
        "rev": "058b1f9381fa79fcda49982370a750ff92dbba43",
        "type": "github"
      },
      "original": {
        "owner": "nix-community",
        "repo": "nix-index-database",
        "type": "github"
      }
    },
    "nixarr": {
      "inputs": {
        "nixpkgs": "nixpkgs_2",
        "treefmt-nix": "treefmt-nix",
        "vpnconfinement": "vpnconfinement",
        "website-builder": "website-builder"
      },
      "locked": {
        "lastModified": 1781774207,
        "narHash": "sha256-pUHOn5uRbY1yOdeBgfm/UpkVkN9YrLUxl7jZnN1emyo=",
        "owner": "nix-media-server",
        "repo": "nixarr",
        "rev": "67952a6e79a298396e909d35f7ee35b23f754c43",
        "type": "github"
      },
      "original": {
        "owner": "nix-media-server",
        "repo": "nixarr",
        "type": "github"
      }
    },
    "nixos-hardware": {
      "inputs": {
        "nixpkgs": "nixpkgs_3"
      },
      "locked": {
        "lastModified": 1782562157,
        "narHash": "sha256-a7+T6QSeowynwZ1ZJJbP8T8ntAytvrui8kFGJmIZt2c=",
        "owner": "NixOS",
        "repo": "nixos-hardware",
        "rev": "a9cf7546a938c737b079e738de73934a13de9784",
        "type": "github"
      },
      "original": {
        "owner": "NixOS",
        "ref": "master",
        "repo": "nixos-hardware",
        "type": "github"
      }
    },
    "nixos-hardware-chip": {
      "locked": {
        "lastModified": 1778928507,
        "narHash": "sha256-Z4ZO0VuVSgre9UhKf3mBNnlajVQvzHOYQxfZxCDSDLo=",
        "owner": "nappairam",
        "repo": "fork-nixos-hardware",
        "rev": "69b7fb8fe1267a7eb4997c8849122658d16b47db",
        "type": "github"
      },
      "original": {
        "owner": "nappairam",
        "ref": "chip",
        "repo": "fork-nixos-hardware",
        "type": "github"
      }
    },
    "nixpkgs": {
      "locked": {
        "lastModified": 1781074563,
        "narHash": "sha256-md8WlXOlfnIeHeOScMTTHFyf2d6iaTwPl2apR5EQ3P4=",
        "owner": "NixOS",
        "repo": "nixpkgs",
        "rev": "9ae611a455b90cf061d8f332b977e387bda8e1ca",
        "type": "github"
      },
      "original": {
        "owner": "NixOS",
        "ref": "nixos-unstable",
        "repo": "nixpkgs",
        "type": "github"
      }
    },
    "nixpkgs-lib": {
      "locked": {
        "lastModified": 1777168982,
        "narHash": "sha256-GOkGPcboWE9BmGCRMLX3worL4EMnsnG8MyKmXNeYuhQ=",
        "owner": "nix-community",
        "repo": "nixpkgs.lib",
        "rev": "f5901329dade4a6ea039af1433fb087bd9c1fe14",
        "type": "github"
      },
      "original": {
        "owner": "nix-community",
        "repo": "nixpkgs.lib",
        "type": "github"
      }
    },
    "nixpkgs-oldstable": {
      "locked": {
        "lastModified": 1782498288,
        "narHash": "sha256-8/X3yyTXiE82b38n32ItbOqfWOVBl+gKa8fILyZfR4Q=",
        "owner": "NixOS",
        "repo": "nixpkgs",
        "rev": "3cac626ec5e3703e835f227687e88aa9e2f25701",
        "type": "github"
      },
      "original": {
        "owner": "NixOS",
        "ref": "nixos-25.11",
        "repo": "nixpkgs",
        "type": "github"
      }
    },
    "nixpkgs-stable": {
      "locked": {
        "lastModified": 1730741070,
        "narHash": "sha256-edm8WG19kWozJ/GqyYx2VjW99EdhjKwbY3ZwdlPAAlo=",
        "owner": "NixOS",
        "repo": "nixpkgs",
        "rev": "d063c1dd113c91ab27959ba540c0d9753409edf3",
        "type": "github"
      },
      "original": {
        "owner": "NixOS",
        "ref": "nixos-24.05",
        "repo": "nixpkgs",
        "type": "github"
      }
    },
    "nixpkgs-stable_2": {
      "locked": {
        "lastModified": 1782535326,
        "narHash": "sha256-ZeRxu4yn6shd3SNF5ZUQb4r7BaVo1zBKMjRhfoNSBmw=",
        "owner": "NixOS",
        "repo": "nixpkgs",
        "rev": "714a5f8c4ead6b31148d829288440ed033ccc041",
        "type": "github"
      },
      "original": {
        "owner": "NixOS",
        "ref": "nixos-26.05",
        "repo": "nixpkgs",
        "type": "github"
      }
    },
    "nixpkgs_2": {
      "locked": {
        "lastModified": 1775595990,
        "narHash": "sha256-OEf7YqhF9IjJFYZJyuhAypgU+VsRB5lD4DuiMws5Ltc=",
        "owner": "nixos",
        "repo": "nixpkgs",
        "rev": "4e92bbcdb030f3b4782be4751dc08e6b6cb6ccf2",
        "type": "github"
      },
      "original": {
        "owner": "nixos",
        "ref": "nixos-25.11",
        "repo": "nixpkgs",
        "type": "github"
      }
    },
    "nixpkgs_3": {
      "locked": {
        "lastModified": 1767892417,
        "narHash": "sha256-8bW3q88CEg2u4hSP66Vf4lpbLonHz7hqDNBMcCY7E9U=",
        "rev": "3497aa5c9457a9d88d71fa93a4a8368816fbeeba",
        "type": "tarball",
        "url": "https://releases.nixos.org/nixos/unstable/nixos-26.05pre924538.3497aa5c9457/nixexprs.tar.xz"
      },
      "original": {
        "type": "tarball",
        "url": "https://channels.nixos.org/nixos-unstable/nixexprs.tar.xz"
      }
    },
    "nixpkgs_4": {
      "locked": {
        "lastModified": 1782467914,
        "narHash": "sha256-pGvFkM8N0xEkIIXDe5YYfbEAvHrk4IxBrjB/x8OomhE=",
        "owner": "NixOS",
        "repo": "nixpkgs",
        "rev": "e73de5be04e0eff4190a1432b946d469c794e7b4",
        "type": "github"
      },
      "original": {
        "owner": "NixOS",
        "ref": "nixos-unstable",
        "repo": "nixpkgs",
        "type": "github"
      }
    },
    "noctalia": {
      "inputs": {
        "nixpkgs": [
          "nixpkgs"
        ]
      },
      "locked": {
        "lastModified": 1782737529,
        "narHash": "sha256-zwNc7uu3IpsVUHY0pujRh9EYy7d2wEtKJDve8rnM5ZU=",
        "owner": "noctalia-dev",
        "repo": "noctalia-shell",
        "rev": "21e263dc2df9ac60aff7c5a152fd5dc2855fee7a",
        "type": "github"
      },
      "original": {
        "owner": "noctalia-dev",
        "repo": "noctalia-shell",
        "type": "github"
      }
    },
    "noctalia-greeter": {
      "inputs": {
        "nixpkgs": [
          "nixpkgs"
        ]
      },
      "locked": {
        "lastModified": 1782613856,
        "narHash": "sha256-1skV92jfsKq3eAJocomduPABTPcHcZHX8bDBNGm65VU=",
        "owner": "noctalia-dev",
        "repo": "noctalia-greeter",
        "rev": "c09a6b5067ab104d6a47fa404ab4ef1f423c3f4c",
        "type": "github"
      },
      "original": {
        "owner": "noctalia-dev",
        "repo": "noctalia-greeter",
        "type": "github"
      }
    },
    "pre-commit-hooks-nix": {
      "inputs": {
        "flake-compat": [
          "lanzaboote",
          "flake-compat"
        ],
        "gitignore": "gitignore",
        "nixpkgs": [
          "lanzaboote",
          "nixpkgs"
        ],
        "nixpkgs-stable": "nixpkgs-stable"
      },
      "locked": {
        "lastModified": 1731363552,
        "narHash": "sha256-vFta1uHnD29VUY4HJOO/D6p6rxyObnf+InnSMT4jlMU=",
        "owner": "cachix",
        "repo": "pre-commit-hooks.nix",
        "rev": "cd1af27aa85026ac759d5d3fccf650abe7e1bbf0",
        "type": "github"
      },
      "original": {
        "owner": "cachix",
        "repo": "pre-commit-hooks.nix",
        "type": "github"
      }
    },
    "quickshell": {
      "inputs": {
        "nixpkgs": [
          "caelestia-shell",
          "nixpkgs"
        ]
      },
      "locked": {
        "lastModified": 1781847791,
        "narHash": "sha256-Mo2YtNEGlcySnbq0YuP3nUKMAQCMAfE+TcCffo5vzD8=",
        "ref": "refs/heads/master",
        "rev": "68c2c85c33845385f7ab8147b32f1450b1e468e0",
        "revCount": 824,
        "type": "git",
        "url": "https://git.outfoxxed.me/outfoxxed/quickshell"
      },
      "original": {
        "type": "git",
        "url": "https://git.outfoxxed.me/outfoxxed/quickshell"
      }
    },
    "root": {
      "inputs": {
        "agenix": "agenix",
        "caelestia-shell": "caelestia-shell",
        "disko": "disko",
        "expressvpn": "expressvpn",
        "flake-parts": "flake-parts",
        "home-manager": "home-manager_2",
        "home-manager-stable": "home-manager-stable",
        "import-tree": "import-tree",
        "lanzaboote": "lanzaboote",
        "nix-alien": "nix-alien",
        "nix-darwin": "nix-darwin",
        "nix-index-database": "nix-index-database_2",
        "nixarr": "nixarr",
        "nixos-hardware": "nixos-hardware",
        "nixos-hardware-chip": "nixos-hardware-chip",
        "nixpkgs": "nixpkgs_4",
        "nixpkgs-oldstable": "nixpkgs-oldstable",
        "nixpkgs-stable": "nixpkgs-stable_2",
        "noctalia": "noctalia",
        "noctalia-greeter": "noctalia-greeter",
        "veila": "veila",
        "zen-browser": "zen-browser"
      }
    },
    "rust-overlay": {
      "inputs": {
        "nixpkgs": [
          "lanzaboote",
          "nixpkgs"
        ]
      },
      "locked": {
        "lastModified": 1731897198,
        "narHash": "sha256-Ou7vLETSKwmE/HRQz4cImXXJBr/k9gp4J4z/PF8LzTE=",
        "owner": "oxalica",
        "repo": "rust-overlay",
        "rev": "0be641045af6d8666c11c2c40e45ffc9667839b5",
        "type": "github"
      },
      "original": {
        "owner": "oxalica",
        "repo": "rust-overlay",
        "type": "github"
      }
    },
    "systems": {
      "locked": {
        "lastModified": 1681028828,
        "narHash": "sha256-Vy1rq5AaRuLzOxct8nz4T6wlgyUR7zLU309k9mBC768=",
        "owner": "nix-systems",
        "repo": "default",
        "rev": "da67096a3b9bf56a91d16901293e51ba5b49a27e",
        "type": "github"
      },
      "original": {
        "owner": "nix-systems",
        "repo": "default",
        "type": "github"
      }
    },
    "treefmt-nix": {
      "inputs": {
        "nixpkgs": [
          "nixarr",
          "nixpkgs"
        ]
      },
      "locked": {
        "lastModified": 1775125835,
        "narHash": "sha256-2qYcPgzFhnQWchHo0SlqLHrXpux5i6ay6UHA+v2iH4U=",
        "owner": "numtide",
        "repo": "treefmt-nix",
        "rev": "75925962939880974e3ab417879daffcba36c4a3",
        "type": "github"
      },
      "original": {
        "owner": "numtide",
        "repo": "treefmt-nix",
        "type": "github"
      }
    },
    "veila": {
      "inputs": {
        "nixpkgs": [
          "nixpkgs"
        ]
      },
      "locked": {
        "lastModified": 1782293228,
        "narHash": "sha256-6b8KODC62pL0ocgcGiO4P9cwVkomFen6tn3H7QilOhc=",
        "owner": "naurissteins",
        "repo": "Veila",
        "rev": "bb7f2f5e5cb76549485b613457aba2f519a556c3",
        "type": "github"
      },
      "original": {
        "owner": "naurissteins",
        "repo": "Veila",
        "type": "github"
      }
    },
    "vpnconfinement": {
      "locked": {
        "lastModified": 1767604552,
        "narHash": "sha256-FddhMxnc99KYOZ/S3YNqtDSoxisIhVtJ7L4s8XD2u0A=",
        "owner": "Maroka-chan",
        "repo": "VPN-Confinement",
        "rev": "a6b2da727853886876fd1081d6bb2880752937f3",
        "type": "github"
      },
      "original": {
        "owner": "Maroka-chan",
        "repo": "VPN-Confinement",
        "type": "github"
      }
    },
    "website-builder": {
      "inputs": {
        "nixpkgs": [
          "nixarr",
          "nixpkgs"
        ]
      },
      "locked": {
        "lastModified": 1771957511,
        "narHash": "sha256-MxpsyVQguwmeN40gblvcYLtL4xiriGYB6UyP+JergpQ=",
        "owner": "rasmus-kirk",
        "repo": "website-builder",
        "rev": "896af41c1a01f934799356f1f51cfddff2abda82",
        "type": "github"
      },
      "original": {
        "owner": "rasmus-kirk",
        "repo": "website-builder",
        "type": "github"
      }
    },
    "zen-browser": {
      "inputs": {
        "home-manager": [
          "home-manager"
        ],
        "nixpkgs": [
          "nixpkgs"
        ]
      },
      "locked": {
        "lastModified": 1782623843,
        "narHash": "sha256-zQdTvI8jcVfblsrWafw1ykTnCVoV94ttxb5e6drwVaI=",
        "owner": "0xc000022070",
        "repo": "zen-browser-flake",
        "rev": "c59e57b9c6ea4c86f9f3b7efc92db3cbd305d078",
        "type": "github"
      },
      "original": {
        "owner": "0xc000022070",
        "repo": "zen-browser-flake",
        "type": "github"
      }
    }
  },
  "root": "root",
  "version": 7
}
